
Microsoft Visual Studio Solution File, Format Version 12.00
# Visual Studio Version 16
VisualStudioVersion = 16.0.29613.14
MinimumVisualStudioVersion = 10.0.40219.1
Project("{9A19103F-16F7-4668-BE54-9A1E7A4F7556}") = "Factory", "Factory.csproj", "{1D533731-C07A-4384-AF35-8AA998C89549}"
EndProject
Global
	GlobalSection(SolutionConfigurationPlatforms) = preSolution
		Debug|Any CPU = Debug|Any CPU
		Release|Any CPU = Release|Any CPU
	EndGlobalSection
	GlobalSection(ProjectConfigurationPlatforms) = postSolution
		{1D533731-C07A-4384-AF35-8AA998C89549}.Debug|Any CPU.ActiveCfg = Debug|Any CPU
		{1D533731-C07A-4384-AF35-8AA998C89549}.Debug|Any CPU.Build.0 = Debug|Any CPU
		{1D533731-C07A-4384-AF35-8AA998C89549}.Release|Any CPU.ActiveCfg = Release|Any CPU
		{1D533731-C07A-4384-AF35-8AA998C89549}.Release|Any CPU.Build.0 = Release|Any CPU
	EndGlobalSection
	GlobalSection(SolutionProperties) = preSolution
		HideSolutionNode = FALSE
	EndGlobalSection
	GlobalSection(ExtensibilityGlobals) = postSolution
		SolutionGuid = {D8E9ABAC-E925-49F3-BCB2-EEB43DE7EA06}
	EndGlobalSection
EndGlobal
